
Microsoft Visual Studio Solution File, Format Version 12.00
# Visual Studio Version 17
VisualStudioVersion = 17.7.34018.315
MinimumVisualStudioVersion = 10.0.40219.1
Project("{FAE04EC0-301F-11D3-BF4B-00C04F79EFBC}") = "Datagrid Dashboard", "Datagrid Dashboard.csproj", "{45168782-6405-424F-B913-FF581CFB3423}"
EndProject
Global
	GlobalSection(SolutionConfigurationPlatforms) = preSolution
		Debug|Any CPU = Debug|Any CPU
		Release|Any CPU = Release|Any CPU
	EndGlobalSection
	GlobalSection(ProjectConfigurationPlatforms) = postSolution
		{45168782-6405-424F-B913-FF581CFB3423}.Debug|Any CPU.ActiveCfg = Debug|Any CPU
		{45168782-6405-424F-B913-FF581CFB3423}.Debug|Any CPU.Build.0 = Debug|Any CPU
		{45168782-6405-424F-B913-FF581CFB3423}.Release|Any CPU.ActiveCfg = Release|Any CPU
		{45168782-6405-424F-B913-FF581CFB3423}.Release|Any CPU.Build.0 = Release|Any CPU
	EndGlobalSection
	GlobalSection(SolutionProperties) = preSolution
		HideSolutionNode = FALSE
	EndGlobalSection
	GlobalSection(ExtensibilityGlobals) = postSolution
		SolutionGuid = {5E7963A9-1A8B-4727-AC99-B187BEA5912C}
	EndGlobalSection
EndGlobal
